// !$*UTF8*$!
{
	archiveVersion = 1;
	classes = {
	};
	objectVersion = 50;
	objects = {

/* Begin PBXBuildFile section */
		315EFBA8263291E400D8FBE4 /* AppDelegate.swift in Sources */ = {isa = PBXBuildFile; fileRef = 315EFBA7263291E400D8FBE4 /* AppDelegate.swift */; };
		315EFBAA263291E400D8FBE4 /* SceneDelegate.swift in Sources */ = {isa = PBXBuildFile; fileRef = 315EFBA9263291E400D8FBE4 /* SceneDelegate.swift */; };
		315EFBAC263291E400D8FBE4 /* ViewController.swift in Sources */ = {isa = PBXBuildFile; fileRef = 315EFBAB263291E400D8FBE4 /* ViewController.swift */; };
		315EFBAF263291E400D8FBE4 /* Main.storyboard in Resources */ = {isa = PBXBuildFile; fileRef = 315EFBAD263291E400D8FBE4 /* Main.storyboard */; };
		315EFBB1263291EB00D8FBE4 /* Assets.xcassets in Resources */ = {isa = PBXBuildFile; fileRef = 315EFBB0263291EB00D8FBE4 /* Assets.xcassets */; };
		315EFBB4263291EB00D8FBE4 /* LaunchScreen.storyboard in Resources */ = {isa = PBXBuildFile; fileRef = 315EFBB2263291EB00D8FBE4 /* LaunchScreen.storyboard */; };
		315EFBBF263291EC00D8FBE4 /* lifecounterTests.swift in Sources */ = {isa = PBXBuildFile; fileRef = 315EFBBE263291EC00D8FBE4 /* lifecounterTests.swift */; };
		315EFBCA263291EC00D8FBE4 /* lifecounterUITests.swift in Sources */ = {isa = PBXBuildFile; fileRef = 315EFBC9263291EC00D8FBE4 /* lifecounterUITests.swift */; };
/* End PBXBuildFile section */

/* Begin PBXContainerItemProxy section */
		315EFBBB263291EC00D8FBE4 /* PBXContainerItemProxy */ = {
			isa = PBXContainerItemProxy;
			containerPortal = 315EFB9C263291E400D8FBE4 /* Project object */;
			proxyType = 1;
			remoteGlobalIDString = 315EFBA3263291E400D8FBE4;
			remoteInfo = lifecounter;
		};
		315EFBC6263291EC00D8FBE4 /* PBXContainerItemProxy */ = {
			isa = PBXContainerItemProxy;
			containerPortal = 315EFB9C263291E400D8FBE4 /* Project object */;
			proxyType = 1;
			remoteGlobalIDString = 315EFBA3263291E400D8FBE4;
			remoteInfo = lifecounter;
		};
/* End PBXContainerItemProxy section */

/* Begin PBXFileReference section */
		315EFBA4263291E400D8FBE4 /* lifecounter.app */ = {isa = PBXFileReference; explicitFileType = wrapper.application; includeInIndex = 0; path = lifecounter.app; sourceTree = BUILT_PRODUCTS_DIR; };
		315EFBA7263291E400D8FBE4 /* AppDelegate.swift */ = {isa = PBXFileReference; lastKnownFileType = sourcecode.swift; path = AppDelegate.swift; sourceTree = "<group>"; };
		315EFBA9263291E400D8FBE4 /* SceneDelegate.swift */ = {isa = PBXFileReference; lastKnownFileType = sourcecode.swift; path = SceneDelegate.swift; sourceTree = "<group>"; };
		315EFBAB263291E400D8FBE4 /* ViewController.swift */ = {isa = PBXFileReference; lastKnownFileType = sourcecode.swift; path = ViewController.swift; sourceTree = "<group>"; };
		315EFBAE263291E400D8FBE4 /* Base */ = {isa = PBXFileReference; lastKnownFileType = file.storyboard; name = Base; path = Base.lproj/Main.storyboard; sourceTree = "<group>"; };
		315EFBB0263291EB00D8FBE4 /* Assets.xcassets */ = {isa = PBXFileReference; lastKnownFileType = folder.assetcatalog; path = Assets.xcassets; sourceTree = "<group>"; };
		315EFBB3263291EB00D8FBE4 /* Base */ = {isa = PBXFileReference; lastKnownFileType = file.storyboard; name = Base; path = Base.lproj/LaunchScreen.storyboard; sourceTree = "<group>"; };
		315EFBB5263291EB00D8FBE4 /* Info.plist */ = {isa = PBXFileReference; lastKnownFileType = text.plist.xml; path = Info.plist; sourceTree = "<group>"; };
		315EFBBA263291EC00D8FBE4 /* lifecounterTests.xctest */ = {isa = PBXFileReference; explicitFileType = wrapper.cfbundle; includeInIndex = 0; path = lifecounterTests.xctest; sourceTree = BUILT_PRODUCTS_DIR; };
		315EFBBE263291EC00D8FBE4 /* lifecounterTests.swift */ = {isa = PBXFileReference; lastKnownFileType = sourcecode.swift; path = lifecounterTests.swift; sourceTree = "<group>"; };
		315EFBC0263291EC00D8FBE4 /* Info.plist */ = {isa = PBXFileReference; lastKnownFileType = text.plist.xml; path = Info.plist; sourceTree = "<group>"; };
		315EFBC5263291EC00D8FBE4 /* lifecounterUITests.xctest */ = {isa = PBXFileReference; explicitFileType = wrapper.cfbundle; includeInIndex = 0; path = lifecounterUITests.xctest; sourceTree = BUILT_PRODUCTS_DIR; };
		315EFBC9263291EC00D8FBE4 /* lifecounterUITests.swift */ = {isa = PBXFileReference; lastKnownFileType = sourcecode.swift; path = lifecounterUITests.swift; sourceTree = "<group>"; };
		315EFBCB263291EC00D8FBE4 /* Info.plist */ = {isa = PBXFileReference; lastKnownFileType = text.plist.xml; path = Info.plist; sourceTree = "<group>"; };
/* End PBXFileReference section */

/* Begin PBXFrameworksBuildPhase section */
		315EFBA1263291E400D8FBE4 /* Frameworks */ = {
			isa = PBXFrameworksBuildPhase;
			buildActionMask = 2147483647;
			files = (
			);
			runOnlyForDeploymentPostprocessing = 0;
		};
		315EFBB7263291EC00D8FBE4 /* Frameworks */ = {
			isa = PBXFrameworksBuildPhase;
			buildActionMask = 2147483647;
			files = (
			);
			runOnlyForDeploymentPostprocessing = 0;
		};
		315EFBC2263291EC00D8FBE4 /* Frameworks */ = {
			isa = PBXFrameworksBuildPhase;
			buildActionMask = 2147483647;
			files = (
			);
			runOnlyForDeploymentPostprocessing = 0;
		};
/* End PBXFrameworksBuildPhase section */

/* Begin PBXGroup section */
		315EFB9B263291E400D8FBE4 = {
			isa = PBXGroup;
			children = (
				315EFBA6263291E400D8FBE4 /* lifecounter */,
				315EFBBD263291EC00D8FBE4 /* lifecounterTests */,
				315EFBC8263291EC00D8FBE4 /* lifecounterUITests */,
				315EFBA5263291E400D8FBE4 /* Products */,
			);
			sourceTree = "<group>";
		};
		315EFBA5263291E400D8FBE4 /* Products */ = {
			isa = PBXGroup;
			children = (
				315EFBA4263291E400D8FBE4 /* lifecounter.app */,
				315EFBBA263291EC00D8FBE4 /* lifecounterTests.xctest */,
				315EFBC5263291EC00D8FBE4 /* lifecounterUITests.xctest */,
			);
			name = Products;
			sourceTree = "<group>";
		};
		315EFBA6263291E400D8FBE4 /* lifecounter */ = {
			isa = PBXGroup;
			children = (
				315EFBA7263291E400D8FBE4 /* AppDelegate.swift */,
				315EFBA9263291E400D8FBE4 /* SceneDelegate.swift */,
				315EFBAB263291E400D8FBE4 /* ViewController.swift */,
				315EFBAD263291E400D8FBE4 /* Main.storyboard */,
				315EFBB0263291EB00D8FBE4 /* Assets.xcassets */,
				315EFBB2263291EB00D8FBE4 /* LaunchScreen.storyboard */,
				315EFBB5263291EB00D8FBE4 /* Info.plist */,
			);
			path = lifecounter;
			sourceTree = "<group>";
		};
		315EFBBD263291EC00D8FBE4 /* lifecounterTests */ = {
			isa = PBXGroup;
			children = (
				315EFBBE263291EC00D8FBE4 /* lifecounterTests.swift */,
				315EFBC0263291EC00D8FBE4 /* Info.plist */,
			);
			path = lifecounterTests;
			sourceTree = "<group>";
		};
		315EFBC8263291EC00D8FBE4 /* lifecounterUITests */ = {
			isa = PBXGroup;
			children = (
				315EFBC9263291EC00D8FBE4 /* lifecounterUITests.swift */,
				315EFBCB263291EC00D8FBE4 /* Info.plist */,
			);
			path = lifecounterUITests;
			sourceTree = "<group>";
		};
/* End PBXGroup section */

/* Begin PBXNativeTarget section */
		315EFBA3263291E400D8FBE4 /* lifecounter */ = {
			isa = PBXNativeTarget;
			buildConfigurationList = 315EFBCE263291EC00D8FBE4 /* Build configuration list for PBXNativeTarget "lifecounter" */;
			buildPhases = (
				315EFBA0263291E400D8FBE4 /* Sources */,
				315EFBA1263291E400D8FBE4 /* Frameworks */,
				315EFBA2263291E400D8FBE4 /* Resources */,
			);
			buildRules = (
			);
			dependencies = (
			);
			name = lifecounter;
			productName = lifecounter;
			productReference = 315EFBA4263291E400D8FBE4 /* lifecounter.app */;
			productType = "com.apple.product-type.application";
		};
		315EFBB9263291EC00D8FBE4 /* lifecounterTests */ = {
			isa = PBXNativeTarget;
			buildConfigurationList = 315EFBD1263291EC00D8FBE4 /* Build configuration list for PBXNativeTarget "lifecounterTests" */;
			buildPhases = (
				315EFBB6263291EC00D8FBE4 /* Sources */,
				315EFBB7263291EC00D8FBE4 /* Frameworks */,
				315EFBB8263291EC00D8FBE4 /* Resources */,
			);
			buildRules = (
			);
			dependencies = (
				315EFBBC263291EC00D8FBE4 /* PBXTargetDependency */,
			);
			name = lifecounterTests;
			productName = lifecounterTests;
			productReference = 315EFBBA263291EC00D8FBE4 /* lifecounterTests.xctest */;
			productType = "com.apple.product-type.bundle.unit-test";
		};
		315EFBC4263291EC00D8FBE4 /* lifecounterUITests */ = {
			isa = PBXNativeTarget;
			buildConfigurationList = 315EFBD4263291EC00D8FBE4 /* Build configuration list for PBXNativeTarget "lifecounterUITests" */;
			buildPhases = (
				315EFBC1263291EC00D8FBE4 /* Sources */,
				315EFBC2263291EC00D8FBE4 /* Frameworks */,
				315EFBC3263291EC00D8FBE4 /* Resources */,
			);
			buildRules = (
			);
			dependencies = (
				315EFBC7263291EC00D8FBE4 /* PBXTargetDependency */,
			);
			name = lifecounterUITests;
			productName = lifecounterUITests;
			productReference = 315EFBC5263291EC00D8FBE4 /* lifecounterUITests.xctest */;
			productType = "com.apple.product-type.bundle.ui-testing";
		};
/* End PBXNativeTarget section */

/* Begin PBXProject section */
		315EFB9C263291E400D8FBE4 /* Project object */ = {
			isa = PBXProject;
			attributes = {
				LastSwiftUpdateCheck = 1250;
				LastUpgradeCheck = 1250;
				TargetAttributes = {
					315EFBA3263291E400D8FBE4 = {
						CreatedOnToolsVersion = 12.5;
					};
					315EFBB9263291EC00D8FBE4 = {
						CreatedOnToolsVersion = 12.5;
						TestTargetID = 315EFBA3263291E400D8FBE4;
					};
					315EFBC4263291EC00D8FBE4 = {
						CreatedOnToolsVersion = 12.5;
						TestTargetID = 315EFBA3263291E400D8FBE4;
					};
				};
			};
			buildConfigurationList = 315EFB9F263291E400D8FBE4 /* Build configuration list for PBXProject "lifecounter" */;
			compatibilityVersion = "Xcode 9.3";
			developmentRegion = en;
			hasScannedForEncodings = 0;
			knownRegions = (
				en,
				Base,
			);
			mainGroup = 315EFB9B263291E400D8FBE4;
			productRefGroup = 315EFBA5263291E400D8FBE4 /* Products */;
			projectDirPath = "";
			projectRoot = "";
			targets = (
				315EFBA3263291E400D8FBE4 /* lifecounter */,
				315EFBB9263291EC00D8FBE4 /* lifecounterTests */,
				315EFBC4263291EC00D8FBE4 /* lifecounterUITests */,
			);
		};
/* End PBXProject section */

/* Begin PBXResourcesBuildPhase section */
		315EFBA2263291E400D8FBE4 /* Resources */ = {
			isa = PBXResourcesBuildPhase;
			buildActionMask = 2147483647;
			files = (
				315EFBB4263291EB00D8FBE4 /* LaunchScreen.storyboard in Resources */,
				315EFBB1263291EB00D8FBE4 /* Assets.xcassets in Resources */,
				315EFBAF263291E400D8FBE4 /* Main.storyboard in Resources */,
			);
			runOnlyForDeploymentPostprocessing = 0;
		};
		315EFBB8263291EC00D8FBE4 /* Resources */ = {
			isa = PBXResourcesBuildPhase;
			buildActionMask = 2147483647;
			files = (
			);
			runOnlyForDeploymentPostprocessing = 0;
		};
		315EFBC3263291EC00D8FBE4 /* Resources */ = {
			isa = PBXResourcesBuildPhase;
			buildActionMask = 2147483647;
			files = (
			);
			runOnlyForDeploymentPostprocessing = 0;
		};
/* End PBXResourcesBuildPhase section */

/* Begin PBXSourcesBuildPhase section */
		315EFBA0263291E400D8FBE4 /* Sources */ = {
			isa = PBXSourcesBuildPhase;
			buildActionMask = 2147483647;
			files = (
				315EFBAC263291E400D8FBE4 /* ViewController.swift in Sources */,
				315EFBA8263291E400D8FBE4 /* AppDelegate.swift in Sources */,
				315EFBAA263291E400D8FBE4 /* SceneDelegate.swift in Sources */,
			);
			runOnlyForDeploymentPostprocessing = 0;
		};
		315EFBB6263291EC00D8FBE4 /* Sources */ = {
			isa = PBXSourcesBuildPhase;
			buildActionMask = 2147483647;
			files = (
				315EFBBF263291EC00D8FBE4 /* lifecounterTests.swift in Sources */,
			);
			runOnlyForDeploymentPostprocessing = 0;
		};
		315EFBC1263291EC00D8FBE4 /* Sources */ = {
			isa = PBXSourcesBuildPhase;
			buildActionMask = 2147483647;
			files = (
				315EFBCA263291EC00D8FBE4 /* lifecounterUITests.swift in Sources */,
			);
			runOnlyForDeploymentPostprocessing = 0;
		};
/* End PBXSourcesBuildPhase section */

/* Begin PBXTargetDependency section */
		315EFBBC263291EC00D8FBE4 /* PBXTargetDependency */ = {
			isa = PBXTargetDependency;
			target = 315EFBA3263291E400D8FBE4 /* lifecounter */;
			targetProxy = 315EFBBB263291EC00D8FBE4 /* PBXContainerItemProxy */;
		};
		315EFBC7263291EC00D8FBE4 /* PBXTargetDependency */ = {
			isa = PBXTargetDependency;
			target = 315EFBA3263291E400D8FBE4 /* lifecounter */;
			targetProxy = 315EFBC6263291EC00D8FBE4 /* PBXContainerItemProxy */;
		};
/* End PBXTargetDependency section */

/* Begin PBXVariantGroup section */
		315EFBAD263291E400D8FBE4 /* Main.storyboard */ = {
			isa = PBXVariantGroup;
			children = (
				315EFBAE263291E400D8FBE4 /* Base */,
			);
			name = Main.storyboard;
			sourceTree = "<group>";
		};
		315EFBB2263291EB00D8FBE4 /* LaunchScreen.storyboard */ = {
			isa = PBXVariantGroup;
			children = (
				315EFBB3263291EB00D8FBE4 /* Base */,
			);
			name = LaunchScreen.storyboard;
			sourceTree = "<group>";
		};
/* End PBXVariantGroup section */

/* Begin XCBuildConfiguration section */
		315EFBCC263291EC00D8FBE4 /* Debug */ = {
			isa = XCBuildConfiguration;
			buildSettings = {
				ALWAYS_SEARCH_USER_PATHS = NO;
				CLANG_ANALYZER_NONNULL = YES;
				CLANG_ANALYZER_NUMBER_OBJECT_CONVERSION = YES_AGGRESSIVE;
				CLANG_CXX_LANGUAGE_STANDARD = "gnu++14";
				CLANG_CXX_LIBRARY = "libc++";
				CLANG_ENABLE_MODULES = YES;
				CLANG_ENABLE_OBJC_ARC = YES;
				CLANG_ENABLE_OBJC_WEAK = YES;
				CLANG_WARN_BLOCK_CAPTURE_AUTORELEASING = YES;
				CLANG_WARN_BOOL_CONVERSION = YES;
				CLANG_WARN_COMMA = YES;
				CLANG_WARN_CONSTANT_CONVERSION = YES;
				CLANG_WARN_DEPRECATED_OBJC_IMPLEMENTATIONS = YES;
				CLANG_WARN_DIRECT_OBJC_ISA_USAGE = YES_ERROR;
				CLANG_WARN_DOCUMENTATION_COMMENTS = YES;
				CLANG_WARN_EMPTY_BODY = YES;
				CLANG_WARN_ENUM_CONVERSION = YES;
				CLANG_WARN_INFINITE_RECURSION = YES;
				CLANG_WARN_INT_CONVERSION = YES;
				CLANG_WARN_NON_LITERAL_NULL_CONVERSION = YES;
				CLANG_WARN_OBJC_IMPLICIT_RETAIN_SELF = YES;
				CLANG_WARN_OBJC_LITERAL_CONVERSION = YES;
				CLANG_WARN_OBJC_ROOT_CLASS = YES_ERROR;
				CLANG_WARN_QUOTED_INCLUDE_IN_FRAMEWORK_HEADER = YES;
				CLANG_WARN_RANGE_LOOP_ANALYSIS = YES;
				CLANG_WARN_STRICT_PROTOTYPES = YES;
				CLANG_WARN_SUSPICIOUS_MOVE = YES;
				CLANG_WARN_UNGUARDED_AVAILABILITY = YES_AGGRESSIVE;
				CLANG_WARN_UNREACHABLE_CODE = YES;
				CLANG_WARN__DUPLICATE_METHOD_MATCH = YES;
				COPY_PHASE_STRIP = NO;
				DEBUG_INFORMATION_FORMAT = dwarf;
				ENABLE_STRICT_OBJC_MSGSEND = YES;
				ENABLE_TESTABILITY = YES;
				GCC_C_LANGUAGE_STANDARD = gnu11;
				GCC_DYNAMIC_NO_PIC = NO;
				GCC_NO_COMMON_BLOCKS = YES;
				GCC_OPTIMIZATION_LEVEL = 0;
				GCC_PREPROCESSOR_DEFINITIONS = (
					"DEBUG=1",
					"$(inherited)",
				);
				GCC_WARN_64_TO_32_BIT_CONVERSION = YES;
				GCC_WARN_ABOUT_RETURN_TYPE = YES_ERROR;
				GCC_WARN_UNDECLARED_SELECTOR = YES;
				GCC_WARN_UNINITIALIZED_AUTOS = YES_AGGRESSIVE;
				GCC_WARN_UNUSED_FUNCTION = YES;
				GCC_WARN_UNUSED_VARIABLE = YES;
				IPHONEOS_DEPLOYMENT_TARGET = 14.5;
				MTL_ENABLE_DEBUG_INFO = INCLUDE_SOURCE;
				MTL_FAST_MATH = YES;
				ONLY_ACTIVE_ARCH = YES;
				SDKROOT = iphoneos;
				SWIFT_ACTIVE_COMPILATION_CONDITIONS = DEBUG;
				SWIFT_OPTIMIZATION_LEVEL = "-Onone";
			};
			name = Debug;
		};
		315EFBCD263291EC00D8FBE4 /* Release */ = {
			isa = XCBuildConfiguration;
			buildSettings = {
				ALWAYS_SEARCH_USER_PATHS = NO;
				CLANG_ANALYZER_NONNULL = YES;
				CLANG_ANALYZER_NUMBER_OBJECT_CONVERSION = YES_AGGRESSIVE;
				CLANG_CXX_LANGUAGE_STANDARD = "gnu++14";
				CLANG_CXX_LIBRARY = "libc++";
				CLANG_ENABLE_MODULES = YES;
				CLANG_ENABLE_OBJC_ARC = YES;
				CLANG_ENABLE_OBJC_WEAK = YES;
				CLANG_WARN_BLOCK_CAPTURE_AUTORELEASING = YES;
				CLANG_WARN_BOOL_CONVERSION = YES;
				CLANG_WARN_COMMA = YES;
				CLANG_WARN_CONSTANT_CONVERSION = YES;
				CLANG_WARN_DEPRECATED_OBJC_IMPLEMENTATIONS = YES;
				CLANG_WARN_DIRECT_OBJC_ISA_USAGE = YES_ERROR;
				CLANG_WARN_DOCUMENTATION_COMMENTS = YES;
				CLANG_WARN_EMPTY_BODY = YES;
				CLANG_WARN_ENUM_CONVERSION = YES;
				CLANG_WARN_INFINITE_RECURSION = YES;
				CLANG_WARN_INT_CONVERSION = YES;
				CLANG_WARN_NON_LITERAL_NULL_CONVERSION = YES;
				CLANG_WARN_OBJC_IMPLICIT_RETAIN_SELF = YES;
				CLANG_WARN_OBJC_LITERAL_CONVERSION = YES;
				CLANG_WARN_OBJC_ROOT_CLASS = YES_ERROR;
				CLANG_WARN_QUOTED_INCLUDE_IN_FRAMEWORK_HEADER = YES;
				CLANG_WARN_RANGE_LOOP_ANALYSIS = YES;
				CLANG_WARN_STRICT_PROTOTYPES = YES;
				CLANG_WARN_SUSPICIOUS_MOVE = YES;
				CLANG_WARN_UNGUARDED_AVAILABILITY = YES_AGGRESSIVE;
				CLANG_WARN_UNREACHABLE_CODE = YES;
				CLANG_WARN__DUPLICATE_METHOD_MATCH = YES;
				COPY_PHASE_STRIP = NO;
				DEBUG_INFORMATION_FORMAT = "dwarf-with-dsym";
				ENABLE_NS_ASSERTIONS = NO;
				ENABLE_STRICT_OBJC_MSGSEND = YES;
				GCC_C_LANGUAGE_STANDARD = gnu11;
				GCC_NO_COMMON_BLOCKS = YES;
				GCC_WARN_64_TO_32_BIT_CONVERSION = YES;
				GCC_WARN_ABOUT_RETURN_TYPE = YES_ERROR;
				GCC_WARN_UNDECLARED_SELECTOR = YES;
				GCC_WARN_UNINITIALIZED_AUTOS = YES_AGGRESSIVE;
				GCC_WARN_UNUSED_FUNCTION = YES;
				GCC_WARN_UNUSED_VARIABLE = YES;
				IPHONEOS_DEPLOYMENT_TARGET = 14.5;
				MTL_ENABLE_DEBUG_INFO = NO;
				MTL_FAST_MATH = YES;
				SDKROOT = iphoneos;
				SWIFT_COMPILATION_MODE = wholemodule;
				SWIFT_OPTIMIZATION_LEVEL = "-O";
				VALIDATE_PRODUCT = YES;
			};
			name = Release;
		};
		315EFBCF263291EC00D8FBE4 /* Debug */ = {
			isa = XCBuildConfiguration;
			buildSettings = {
				ASSETCATALOG_COMPILER_APPICON_NAME = AppIcon;
				ASSETCATALOG_COMPILER_GLOBAL_ACCENT_COLOR_NAME = AccentColor;
				CODE_SIGN_STYLE = Automatic;
				INFOPLIST_FILE = lifecounter/Info.plist;
				LD_RUNPATH_SEARCH_PATHS = (
					"$(inherited)",
					"@executable_path/Frameworks",
				);
				PRODUCT_BUNDLE_IDENTIFIER = Homework.lifecounter;
				PRODUCT_NAME = "$(TARGET_NAME)";
				SWIFT_VERSION = 5.0;
				TARGETED_DEVICE_FAMILY = "1,2";
			};
			name = Debug;
		};
		315EFBD0263291EC00D8FBE4 /* Release */ = {
			isa = XCBuildConfiguration;
			buildSettings = {
				ASSETCATALOG_COMPILER_APPICON_NAME = AppIcon;
				ASSETCATALOG_COMPILER_GLOBAL_ACCENT_COLOR_NAME = AccentColor;
				CODE_SIGN_STYLE = Automatic;
				INFOPLIST_FILE = lifecounter/Info.plist;
				LD_RUNPATH_SEARCH_PATHS = (
					"$(inherited)",
					"@executable_path/Frameworks",
				);
				PRODUCT_BUNDLE_IDENTIFIER = Homework.lifecounter;
				PRODUCT_NAME = "$(TARGET_NAME)";
				SWIFT_VERSION = 5.0;
				TARGETED_DEVICE_FAMILY = "1,2";
			};
			name = Release;
		};
		315EFBD2263291EC00D8FBE4 /* Debug */ = {
			isa = XCBuildConfiguration;
			buildSettings = {
				ALWAYS_EMBED_SWIFT_STANDARD_LIBRARIES = YES;
				BUNDLE_LOADER = "$(TEST_HOST)";
				CODE_SIGN_STYLE = Automatic;
				INFOPLIST_FILE = lifecounterTests/Info.plist;
				IPHONEOS_DEPLOYMENT_TARGET = 14.5;
				LD_RUNPATH_SEARCH_PATHS = (
					"$(inherited)",
					"@executable_path/Frameworks",
					"@loader_path/Frameworks",
				);
				PRODUCT_BUNDLE_IDENTIFIER = Homework.lifecounterTests;
				PRODUCT_NAME = "$(TARGET_NAME)";
				SWIFT_VERSION = 5.0;
				TARGETED_DEVICE_FAMILY = "1,2";
				TEST_HOST = "$(BUILT_PRODUCTS_DIR)/lifecounter.app/lifecounter";
			};
			name = Debug;
		};
		315EFBD3263291EC00D8FBE4 /* Release */ = {
			isa = XCBuildConfiguration;
			buildSettings = {
				ALWAYS_EMBED_SWIFT_STANDARD_LIBRARIES = YES;
				BUNDLE_LOADER = "$(TEST_HOST)";
				CODE_SIGN_STYLE = Automatic;
				INFOPLIST_FILE = lifecounterTests/Info.plist;
				IPHONEOS_DEPLOYMENT_TARGET = 14.5;
				LD_RUNPATH_SEARCH_PATHS = (
					"$(inherited)",
					"@executable_path/Frameworks",
					"@loader_path/Frameworks",
				);
				PRODUCT_BUNDLE_IDENTIFIER = Homework.lifecounterTests;
				PRODUCT_NAME = "$(TARGET_NAME)";
				SWIFT_VERSION = 5.0;
				TARGETED_DEVICE_FAMILY = "1,2";
				TEST_HOST = "$(BUILT_PRODUCTS_DIR)/lifecounter.app/lifecounter";
			};
			name = Release;
		};
		315EFBD5263291EC00D8FBE4 /* Debug */ = {
			isa = XCBuildConfiguration;
			buildSettings = {
				ALWAYS_EMBED_SWIFT_STANDARD_LIBRARIES = YES;
				CODE_SIGN_STYLE = Automatic;
				INFOPLIST_FILE = lifecounterUITests/Info.plist;
				LD_RUNPATH_SEARCH_PATHS = (
					"$(inherited)",
					"@executable_path/Frameworks",
					"@loader_path/Frameworks",
				);
				PRODUCT_BUNDLE_IDENTIFIER = Homework.lifecounterUITests;
				PRODUCT_NAME = "$(TARGET_NAME)";
				SWIFT_VERSION = 5.0;
				TARGETED_DEVICE_FAMILY = "1,2";
				TEST_TARGET_NAME = lifecounter;
			};
			name = Debug;
		};
		315EFBD6263291EC00D8FBE4 /* Release */ = {
			isa = XCBuildConfiguration;
			buildSettings = {
				ALWAYS_EMBED_SWIFT_STANDARD_LIBRARIES = YES;
				CODE_SIGN_STYLE = Automatic;
				INFOPLIST_FILE = lifecounterUITests/Info.plist;
				LD_RUNPATH_SEARCH_PATHS = (
					"$(inherited)",
					"@executable_path/Frameworks",
					"@loader_path/Frameworks",
				);
				PRODUCT_BUNDLE_IDENTIFIER = Homework.lifecounterUITests;
				PRODUCT_NAME = "$(TARGET_NAME)";
				SWIFT_VERSION = 5.0;
				TARGETED_DEVICE_FAMILY = "1,2";
				TEST_TARGET_NAME = lifecounter;
			};
			name = Release;
		};
/* End XCBuildConfiguration section */

/* Begin XCConfigurationList section */
		315EFB9F263291E400D8FBE4 /* Build configuration list for PBXProject "lifecounter" */ = {
			isa = XCConfigurationList;
			buildConfigurations = (
				315EFBCC263291EC00D8FBE4 /* Debug */,
				315EFBCD263291EC00D8FBE4 /* Release */,
			);
			defaultConfigurationIsVisible = 0;
			defaultConfigurationName = Release;
		};
		315EFBCE263291EC00D8FBE4 /* Build configuration list for PBXNativeTarget "lifecounter" */ = {
			isa = XCConfigurationList;
			buildConfigurations = (
				315EFBCF263291EC00D8FBE4 /* Debug */,
				315EFBD0263291EC00D8FBE4 /* Release */,
			);
			defaultConfigurationIsVisible = 0;
			defaultConfigurationName = Release;
		};
		315EFBD1263291EC00D8FBE4 /* Build configuration list for PBXNativeTarget "lifecounterTests" */ = {
			isa = XCConfigurationList;
			buildConfigurations = (
				315EFBD2263291EC00D8FBE4 /* Debug */,
				315EFBD3263291EC00D8FBE4 /* Release */,
			);
			defaultConfigurationIsVisible = 0;
			defaultConfigurationName = Release;
		};
		315EFBD4263291EC00D8FBE4 /* Build configuration list for PBXNativeTarget "lifecounterUITests" */ = {
			isa = XCConfigurationList;
			buildConfigurations = (
				315EFBD5263291EC00D8FBE4 /* Debug */,
				315EFBD6263291EC00D8FBE4 /* Release */,
			);
			defaultConfigurationIsVisible = 0;
			defaultConfigurationName = Release;
		};
/* End XCConfigurationList section */
	};
	rootObject = 315EFB9C263291E400D8FBE4 /* Project object */;
}
